
Microsoft Visual Studio Solution File, Format Version 12.00
# Visual Studio Version 16
VisualStudioVersion = 16.0.30907.101
MinimumVisualStudioVersion = 10.0.40219.1
Project("{FAE04EC0-301F-11D3-BF4B-00C04F79EFBC}") = "PeopleDDD.UI", "PeopleDDD.UI\PeopleDDD.UI.csproj", "{930D664F-4FBB-48AD-94EE-ED5EDC7BB021}"
EndProject
Global
	GlobalSection(SolutionConfigurationPlatforms) = preSolution
		Debug|Any CPU = Debug|Any CPU
		Release|Any CPU = Release|Any CPU
	EndGlobalSection
	GlobalSection(ProjectConfigurationPlatforms) = postSolution
		{930D664F-4FBB-48AD-94EE-ED5EDC7BB021}.Debug|Any CPU.ActiveCfg = Debug|Any CPU
		{930D664F-4FBB-48AD-94EE-ED5EDC7BB021}.Debug|Any CPU.Build.0 = Debug|Any CPU
		{930D664F-4FBB-48AD-94EE-ED5EDC7BB021}.Release|Any CPU.ActiveCfg = Release|Any CPU
		{930D664F-4FBB-48AD-94EE-ED5EDC7BB021}.Release|Any CPU.Build.0 = Release|Any CPU
	EndGlobalSection
	GlobalSection(SolutionProperties) = preSolution
		HideSolutionNode = FALSE
	EndGlobalSection
	GlobalSection(ExtensibilityGlobals) = postSolution
		SolutionGuid = {F40FE7BF-1ECC-41DE-A743-3B0112C8E384}
	EndGlobalSection
EndGlobal
