
Microsoft Visual Studio Solution File, Format Version 12.00
# Visual Studio Version 16
VisualStudioVersion = 16.0.30907.101
MinimumVisualStudioVersion = 10.0.40219.1
Project("{9A19103F-16F7-4668-BE54-9A1E7A4F7556}") = "PeopleDDD.UI", "PeopleDDD.UI\PeopleDDD.UI.csproj", "{930D664F-4FBB-48AD-94EE-ED5EDC7BB021}"
EndProject
Project("{2150E333-8FDC-42A3-9474-1A3956D46DE8}") = "1 - Presentation", "1 - Presentation", "{14A33DA2-AD92-4422-9F88-F58A5A2A8D6E}"
EndProject
Project("{2150E333-8FDC-42A3-9474-1A3956D46DE8}") = "4 - Infra", "4 - Infra", "{37B92945-A1AF-40D7-9E38-0CF107F3BC63}"
EndProject
Project("{9A19103F-16F7-4668-BE54-9A1E7A4F7556}") = "PeopleDDD.Infra.Data", "PeopleDDD.Infra.Data\PeopleDDD.Infra.Data.csproj", "{39900C7D-8273-455B-B1D7-4F77F3195FBE}"
EndProject
Project("{2150E333-8FDC-42A3-9474-1A3956D46DE8}") = "5.1 - Data", "5.1 - Data", "{9FDDB229-FB81-45E5-B04A-3B5891D98E4E}"
EndProject
Project("{2150E333-8FDC-42A3-9474-1A3956D46DE8}") = "3 - Domain", "3 - Domain", "{47D750AD-0AE5-4993-8B39-AB89C859E852}"
EndProject
Project("{9A19103F-16F7-4668-BE54-9A1E7A4F7556}") = "PeopleDDD.Domain", "PeopleDDD.Domain\PeopleDDD.Domain.csproj", "{C4042885-E3B6-4BC9-95A8-E74C80C11AA3}"
EndProject
Project("{2150E333-8FDC-42A3-9474-1A3956D46DE8}") = "2 - Application", "2 - Application", "{CB94920B-8E88-4CCC-81E3-572E98A2C33F}"
EndProject
Project("{9A19103F-16F7-4668-BE54-9A1E7A4F7556}") = "PeopleDDD.Application", "PeopleDDD.Application\PeopleDDD.Application.csproj", "{6579FD09-D7EE-4205-9399-4C4A0C48657D}"
EndProject
Project("{2150E333-8FDC-42A3-9474-1A3956D46DE8}") = "5.2 - CrossCutting", "5.2 - CrossCutting", "{AFCF091B-9F90-4613-A115-3ACD7A622723}"
EndProject
Project("{9A19103F-16F7-4668-BE54-9A1E7A4F7556}") = "PeopleDDD.Infra.CrossCutting.IoC", "PeopleDDD.Infra.CrossCutting.IoC\PeopleDDD.Infra.CrossCutting.IoC.csproj", "{36C2F356-B073-4FF7-964E-48C723C9CBF2}"
EndProject
Project("{2150E333-8FDC-42A3-9474-1A3956D46DE8}") = "Tests", "Tests", "{5EF1723B-D442-492C-8AB8-B77E2F1E0A0A}"
EndProject
Project("{FAE04EC0-301F-11D3-BF4B-00C04F79EFBC}") = "PeopleDDD.Infra.Data.Tests", "PeopleDDD.Infra.Data.Tests\PeopleDDD.Infra.Data.Tests.csproj", "{831199A3-F784-4939-98B3-4B90AE645577}"
EndProject
Project("{FAE04EC0-301F-11D3-BF4B-00C04F79EFBC}") = "PeopleDDD.UI.Tests", "PeopleDDD.UI.Tests\PeopleDDD.UI.Tests.csproj", "{C5F48096-AC41-419C-8677-3C769DE7E124}"
EndProject
Global
	GlobalSection(SolutionConfigurationPlatforms) = preSolution
		Debug|Any CPU = Debug|Any CPU
		Release|Any CPU = Release|Any CPU
	EndGlobalSection
	GlobalSection(ProjectConfigurationPlatforms) = postSolution
		{930D664F-4FBB-48AD-94EE-ED5EDC7BB021}.Debug|Any CPU.ActiveCfg = Debug|Any CPU
		{930D664F-4FBB-48AD-94EE-ED5EDC7BB021}.Debug|Any CPU.Build.0 = Debug|Any CPU
		{930D664F-4FBB-48AD-94EE-ED5EDC7BB021}.Release|Any CPU.ActiveCfg = Release|Any CPU
		{930D664F-4FBB-48AD-94EE-ED5EDC7BB021}.Release|Any CPU.Build.0 = Release|Any CPU
		{39900C7D-8273-455B-B1D7-4F77F3195FBE}.Debug|Any CPU.ActiveCfg = Debug|Any CPU
		{39900C7D-8273-455B-B1D7-4F77F3195FBE}.Debug|Any CPU.Build.0 = Debug|Any CPU
		{39900C7D-8273-455B-B1D7-4F77F3195FBE}.Release|Any CPU.ActiveCfg = Release|Any CPU
		{39900C7D-8273-455B-B1D7-4F77F3195FBE}.Release|Any CPU.Build.0 = Release|Any CPU
		{C4042885-E3B6-4BC9-95A8-E74C80C11AA3}.Debug|Any CPU.ActiveCfg = Debug|Any CPU
		{C4042885-E3B6-4BC9-95A8-E74C80C11AA3}.Debug|Any CPU.Build.0 = Debug|Any CPU
		{C4042885-E3B6-4BC9-95A8-E74C80C11AA3}.Release|Any CPU.ActiveCfg = Release|Any CPU
		{C4042885-E3B6-4BC9-95A8-E74C80C11AA3}.Release|Any CPU.Build.0 = Release|Any CPU
		{6579FD09-D7EE-4205-9399-4C4A0C48657D}.Debug|Any CPU.ActiveCfg = Debug|Any CPU
		{6579FD09-D7EE-4205-9399-4C4A0C48657D}.Debug|Any CPU.Build.0 = Debug|Any CPU
		{6579FD09-D7EE-4205-9399-4C4A0C48657D}.Release|Any CPU.ActiveCfg = Release|Any CPU
		{6579FD09-D7EE-4205-9399-4C4A0C48657D}.Release|Any CPU.Build.0 = Release|Any CPU
		{36C2F356-B073-4FF7-964E-48C723C9CBF2}.Debug|Any CPU.ActiveCfg = Debug|Any CPU
		{36C2F356-B073-4FF7-964E-48C723C9CBF2}.Debug|Any CPU.Build.0 = Debug|Any CPU
		{36C2F356-B073-4FF7-964E-48C723C9CBF2}.Release|Any CPU.ActiveCfg = Release|Any CPU
		{36C2F356-B073-4FF7-964E-48C723C9CBF2}.Release|Any CPU.Build.0 = Release|Any CPU
		{831199A3-F784-4939-98B3-4B90AE645577}.Debug|Any CPU.ActiveCfg = Debug|Any CPU
		{831199A3-F784-4939-98B3-4B90AE645577}.Debug|Any CPU.Build.0 = Debug|Any CPU
		{831199A3-F784-4939-98B3-4B90AE645577}.Release|Any CPU.ActiveCfg = Release|Any CPU
		{831199A3-F784-4939-98B3-4B90AE645577}.Release|Any CPU.Build.0 = Release|Any CPU
		{C5F48096-AC41-419C-8677-3C769DE7E124}.Debug|Any CPU.ActiveCfg = Debug|Any CPU
		{C5F48096-AC41-419C-8677-3C769DE7E124}.Debug|Any CPU.Build.0 = Debug|Any CPU
		{C5F48096-AC41-419C-8677-3C769DE7E124}.Release|Any CPU.ActiveCfg = Release|Any CPU
		{C5F48096-AC41-419C-8677-3C769DE7E124}.Release|Any CPU.Build.0 = Release|Any CPU
	EndGlobalSection
	GlobalSection(SolutionProperties) = preSolution
		HideSolutionNode = FALSE
	EndGlobalSection
	GlobalSection(NestedProjects) = preSolution
		{930D664F-4FBB-48AD-94EE-ED5EDC7BB021} = {14A33DA2-AD92-4422-9F88-F58A5A2A8D6E}
		{39900C7D-8273-455B-B1D7-4F77F3195FBE} = {9FDDB229-FB81-45E5-B04A-3B5891D98E4E}
		{9FDDB229-FB81-45E5-B04A-3B5891D98E4E} = {37B92945-A1AF-40D7-9E38-0CF107F3BC63}
		{C4042885-E3B6-4BC9-95A8-E74C80C11AA3} = {47D750AD-0AE5-4993-8B39-AB89C859E852}
		{6579FD09-D7EE-4205-9399-4C4A0C48657D} = {CB94920B-8E88-4CCC-81E3-572E98A2C33F}
		{AFCF091B-9F90-4613-A115-3ACD7A622723} = {37B92945-A1AF-40D7-9E38-0CF107F3BC63}
		{36C2F356-B073-4FF7-964E-48C723C9CBF2} = {AFCF091B-9F90-4613-A115-3ACD7A622723}
		{831199A3-F784-4939-98B3-4B90AE645577} = {5EF1723B-D442-492C-8AB8-B77E2F1E0A0A}
		{C5F48096-AC41-419C-8677-3C769DE7E124} = {5EF1723B-D442-492C-8AB8-B77E2F1E0A0A}
	EndGlobalSection
	GlobalSection(ExtensibilityGlobals) = postSolution
		SolutionGuid = {F40FE7BF-1ECC-41DE-A743-3B0112C8E384}
	EndGlobalSection
EndGlobal
